{
  "name": "project2",
  "version": "1.0.0",
  "lockfileVersion": 1,
  "requires": true,
  "dependencies": {
    "@canvasjs/charts": {
      "version": "3.7.25",
      "resolved": "https://registry.npmjs.org/@canvasjs/charts/-/charts-3.7.25.tgz",
      "integrity": "sha512-8kZLlW4N+rtiVRfK87+HHdZ4Axa4MM4sWDaH3JZB/0jz9nPZAddNkkliN3ZvSTIyamkGA2hfZemdOJ7nL+/rTQ=="
    },
    "@popperjs/core": {
      "version": "2.11.8",
      "resolved": "https://registry.npmjs.org/@popperjs/core/-/core-2.11.8.tgz",
      "integrity": "sha512-P1st0aksCrn9sGZhp8GMYwBnQsbvAWsZAX44oXNNvLHGqAOcoVxmjZiohstwQ7SqKnbR47akdNi+uleWD8+g6A=="
    },
    "@types/bootstrap": {
      "version": "5.2.7",
      "resolved": "https://registry.npmjs.org/@types/bootstrap/-/bootstrap-5.2.7.tgz",
      "integrity": "sha512-vWs0HzobIB8Af2F0B1GXpaVLSVn1NWULDYgTIWp08Et/r2B3aAwwhFBeOs/rRFWJA38EZTXkWP3tepIjpQkpLg==",
      "requires": {
        "@popperjs/core": "^2.9.2"
      }
    },
    "@types/jquery": {
      "version": "3.5.19",
      "resolved": "https://registry.npmjs.org/@types/jquery/-/jquery-3.5.19.tgz",
      "integrity": "sha512-KFbmk+dXfphHGuVCmlopgcNRCegN/21mkeoD4BzuJhVH0SJW3Uo2mLuAwb6oqTNV79EsRp6J7yC1BbKymjpx/g==",
      "requires": {
        "@types/sizzle": "*"
      }
    },
    "@types/sizzle": {
      "version": "2.3.3",
      "resolved": "https://registry.npmjs.org/@types/sizzle/-/sizzle-2.3.3.tgz",
      "integrity": "sha512-JYM8x9EGF163bEyhdJBpR2QX1R5naCJHC8ucJylJ3w9/CVBaskdQ8WqBf8MmQrd1kRvp/a4TS8HJ+bxzR7ZJYQ=="
    },
    "canvasjs": {
      "version": "1.8.3",
      "resolved": "https://registry.npmjs.org/canvasjs/-/canvasjs-1.8.3.tgz",
      "integrity": "sha512-60eUT0VjqRgYqdIQcOkXg0Zptfbl4HefA/O51YEf1m/P0uXvE3icI/1KPrXpY9aVxn8gG/BB8DzVoTGCcyBnYg=="
    },
    "jquery": {
      "version": "3.7.1",
      "resolved": "https://registry.npmjs.org/jquery/-/jquery-3.7.1.tgz",
      "integrity": "sha512-m4avr8yL8kmFN8psrbFFFmB/If14iN5o9nw/NgnnM+kybDJpRsAynV2BsfpTYrTRysYUdADVD7CkUUizgkpLfg=="
    }
  }
}
