{
  "name": "project2",
  "version": "1.0.0",
  "lockfileVersion": 1,
  "requires": true,
  "dependencies": {
    "@popperjs/core": {
      "version": "2.11.8",
      "resolved": "https://registry.npmjs.org/@popperjs/core/-/core-2.11.8.tgz",
      "integrity": "sha512-P1st0aksCrn9sGZhp8GMYwBnQsbvAWsZAX44oXNNvLHGqAOcoVxmjZiohstwQ7SqKnbR47akdNi+uleWD8+g6A=="
    },
    "@types/bootstrap": {
      "version": "5.2.7",
      "resolved": "https://registry.npmjs.org/@types/bootstrap/-/bootstrap-5.2.7.tgz",
      "integrity": "sha512-vWs0HzobIB8Af2F0B1GXpaVLSVn1NWULDYgTIWp08Et/r2B3aAwwhFBeOs/rRFWJA38EZTXkWP3tepIjpQkpLg==",
      "requires": {
        "@popperjs/core": "^2.9.2"
      }
    },
    "@types/jquery": {
      "version": "3.5.19",
      "resolved": "https://registry.npmjs.org/@types/jquery/-/jquery-3.5.19.tgz",
      "integrity": "sha512-KFbmk+dXfphHGuVCmlopgcNRCegN/21mkeoD4BzuJhVH0SJW3Uo2mLuAwb6oqTNV79EsRp6J7yC1BbKymjpx/g==",
      "requires": {
        "@types/sizzle": "*"
      }
    },
    "@types/sizzle": {
      "version": "2.3.3",
      "resolved": "https://registry.npmjs.org/@types/sizzle/-/sizzle-2.3.3.tgz",
      "integrity": "sha512-JYM8x9EGF163bEyhdJBpR2QX1R5naCJHC8ucJylJ3w9/CVBaskdQ8WqBf8MmQrd1kRvp/a4TS8HJ+bxzR7ZJYQ=="
    }
  }
}
